
Microsoft Visual Studio Solution File, Format Version 12.00
# Visual Studio Version 17
VisualStudioVersion = 17.14.36511.14 d17.14
MinimumVisualStudioVersion = 10.0.40219.1
Project("{FAE04EC0-301F-11D3-BF4B-00C04F79EFBC}") = "Bai06", "Bai06\Bai06.csproj", "{A40179C0-1286-44F4-9616-04840BB2F49C}"
EndProject
Global
	GlobalSection(SolutionConfigurationPlatforms) = preSolution
		Debug|Any CPU = Debug|Any CPU
		Release|Any CPU = Release|Any CPU
	EndGlobalSection
	GlobalSection(ProjectConfigurationPlatforms) = postSolution
		{A40179C0-1286-44F4-9616-04840BB2F49C}.Debug|Any CPU.ActiveCfg = Debug|Any CPU
		{A40179C0-1286-44F4-9616-04840BB2F49C}.Debug|Any CPU.Build.0 = Debug|Any CPU
		{A40179C0-1286-44F4-9616-04840BB2F49C}.Release|Any CPU.ActiveCfg = Release|Any CPU
		{A40179C0-1286-44F4-9616-04840BB2F49C}.Release|Any CPU.Build.0 = Release|Any CPU
	EndGlobalSection
	GlobalSection(SolutionProperties) = preSolution
		HideSolutionNode = FALSE
	EndGlobalSection
	GlobalSection(ExtensibilityGlobals) = postSolution
		SolutionGuid = {A67164A2-7725-4E59-AD71-5784E9B0A50A}
	EndGlobalSection
EndGlobal
